{
  "originHash" : "d9a21872a20f6781236e2d7ca6af629d162c77858eb502ef6bd2b331654f7853",
  "pins" : [
    {
      "identity" : "swift-atomics",
      "kind" : "remoteSourceControl",
      "location" : "https://github.com/apple/swift-atomics.git",
      "state" : {
        "revision" : "b601256eab081c0f92f059e12818ac1d4f178ff7",
        "version" : "1.3.0"
      }
    }
  ],
  "version" : 3
}
